
Microsoft Visual Studio Solution File, Format Version 12.00
# Visual Studio 15
Project("{FAE04EC0-301F-11D3-BF4B-00C04F79EFBC}") = "Assembly-CSharp", "Assembly-CSharp.csproj", "{BA9D8815-B721-5C9F-3627-4B2291CBD9F2}"
EndProject
Project("{FAE04EC0-301F-11D3-BF4B-00C04F79EFBC}") = "Assembly-CSharp-Editor", "Assembly-CSharp-Editor.csproj", "{C6428F58-8D3E-54C5-4B84-89AE560BF914}"
EndProject
Global
	GlobalSection(SolutionConfigurationPlatforms) = preSolution
		Debug|Any CPU = Debug|Any CPU
		Release|Any CPU = Release|Any CPU
	EndGlobalSection
	GlobalSection(ProjectConfigurationPlatforms) = postSolution
		{BA9D8815-B721-5C9F-3627-4B2291CBD9F2}.Debug|Any CPU.ActiveCfg = Debug|Any CPU
		{BA9D8815-B721-5C9F-3627-4B2291CBD9F2}.Debug|Any CPU.Build.0 = Debug|Any CPU
		{BA9D8815-B721-5C9F-3627-4B2291CBD9F2}.Release|Any CPU.ActiveCfg = Release|Any CPU
		{BA9D8815-B721-5C9F-3627-4B2291CBD9F2}.Release|Any CPU.Build.0 = Release|Any CPU
		{C6428F58-8D3E-54C5-4B84-89AE560BF914}.Debug|Any CPU.ActiveCfg = Debug|Any CPU
		{C6428F58-8D3E-54C5-4B84-89AE560BF914}.Debug|Any CPU.Build.0 = Debug|Any CPU
		{C6428F58-8D3E-54C5-4B84-89AE560BF914}.Release|Any CPU.ActiveCfg = Release|Any CPU
		{C6428F58-8D3E-54C5-4B84-89AE560BF914}.Release|Any CPU.Build.0 = Release|Any CPU
	EndGlobalSection
	GlobalSection(SolutionProperties) = preSolution
		HideSolutionNode = FALSE
	EndGlobalSection
EndGlobal
